%{
  "cowboy": {:hex, :cowboy, "2.12.0", "f276d521a1ff88b2b9b4c54d0e753da6c66dd7be6c9fca3d9418b561828a3731", [:make, :rebar3], [{:cowlib, "2.13.0", [hex: :cowlib, repo: "hexpm", optional: false]}, {:ranch, "1.8.0", [hex: :ranch, repo: "hexpm", optional: false]}], "hexpm", "8a7abe6d183372ceb21caa2709bec928ab2b72e18a3911aa1771639bef82651e"},
  "cowlib": {:hex, :cowlib, "2.13.0", "db8f7505d8332d98ef50a3ef34b34c1afddec7506e4ee4dd4a3a266285d282ca", [:make, :rebar3], [], "hexpm", "e1e1284dc3fc030a64b1ad0d8382ae7e99da46c3246b815318a4b848873800a4"},
  "exprintf": {:hex, :exprintf, "0.2.1", "b7e895dfb00520cfb7fc1671303b63b37dc3897c59be7cbf1ae62f766a8a0314", [:mix], [], "hexpm", "20a0e8c880be90e56a77fcc82533c5d60c643915c7ce0cc8aa1e06ed6001da28"},
  "exprof": {:hex, :exprof, "0.2.4", "13ddc0575a6d24b52e7c6809d2a46e9ad63a4dd179628698cdbb6c1f6e497c98", [:mix], [{:exprintf, "~> 0.2", [hex: :exprintf, repo: "hexpm", optional: false]}], "hexpm", "0884bcb66afc421c75d749156acbb99034cc7db6d3b116c32e36f32551106957"},
  "file_system": {:hex, :file_system, "1.0.1", "79e8ceaddb0416f8b8cd02a0127bdbababe7bf4a23d2a395b983c1f8b3f73edd", [:mix], [], "hexpm", "4414d1f38863ddf9120720cd976fce5bdde8e91d8283353f0e31850fa89feb9e"},
  "hdr_histogram": {:hex, :hdr_histogram, "0.5.0", "cc955a94ad581d43d256ae89ca90f8c133f6f8fc196e336e1f3eeadad36fc2e8", [:rebar3], [], "hexpm", "002fef988c3030fc6bc60f6148c883e53b9b58e437d13383982d36a7e4c395ab"},
  "jsone": {:hex, :jsone, "1.9.0", "2242dc76859db74e27ae6b6209bbf4f03651b8eddb53fa8002a931d35953e9b6", [:rebar3], [], "hexpm", "6863dcf95a7fc26094eaaff0d72522d58fe22719b4758afb75a21735bc92646d"},
  "mix_test_watch": {:hex, :mix_test_watch, "1.2.0", "1f9acd9e1104f62f280e30fc2243ae5e6d8ddc2f7f4dc9bceb454b9a41c82b42", [:mix], [{:file_system, "~> 0.2 or ~> 1.0", [hex: :file_system, repo: "hexpm", optional: false]}], "hexpm", "278dc955c20b3fb9a3168b5c2493c2e5cffad133548d307e0a50c7f2cfbf34f6"},
  "ranch": {:hex, :ranch, "1.8.0", "8c7a100a139fd57f17327b6413e4167ac559fbc04ca7448e9be9057311597a1d", [:make, :rebar3], [], "hexpm", "49fbcfd3682fab1f5d109351b61257676da1a2fdbe295904176d5e521a2ddfe5"},
  "xprof": {:hex, :xprof, "2.0.0-rc.5", "59bac6759d899b1323d2aca2f9a5341d159b54c069700ebbcd5d6bffd6fe1825", [:rebar3], [{:xprof_core, "2.0.0-rc.5", [hex: :xprof_core, repo: "hexpm", optional: false]}, {:xprof_gui, "2.0.0-rc.5", [hex: :xprof_gui, repo: "hexpm", optional: false]}], "hexpm", "2b062e1ecc9abde1ea0ed46302a9a1a75050753133e79b17935ec00ea61e35be"},
  "xprof_core": {:hex, :xprof_core, "2.0.0-rc.5", "e3a731d62aab5a196a8a5d95c2bf9e225109e856c06fa56a0161323f23e85b3b", [:rebar3], [{:hdr_histogram, "~> 0.3", [hex: :hdr_histogram, repo: "hexpm", optional: false]}], "hexpm", "fc65368d79cca5831881aff98cbc19902eaf6abd48c0fba3b8e5510c4580688c"},
  "xprof_gui": {:hex, :xprof_gui, "2.0.0-rc.5", "ef9076e5c3ce1264d861643229398c69f1d4c8fbd8523a0c588effebc58ff7d8", [:rebar3], [{:cowboy, "~> 2.5", [hex: :cowboy, repo: "hexpm", optional: false]}, {:jsone, "~> 1.5", [hex: :jsone, repo: "hexpm", optional: false]}], "hexpm", "d10a3e193a0f4c88a7a6b41bbb29ec531403ab9edafd8f9ccb04b4f8f4fc992a"},
}
